{
  "name": "DoSgen_Web_GUI",
  "version": "0.0.0",
  "lockfileVersion": 1,
  "requires": true,
  "dependencies": {
    "accepts": {
      "version": "1.3.5",
      "resolved": "https://registry.npmjs.org/accepts/-/accepts-1.3.5.tgz",
      "integrity": "sha1-63d99gEXI6OxTopywIBcjoZ0a9I=",
      "requires": {
        "mime-types": "2.1.18",
        "negotiator": "0.6.1"
      }
    },
    "after": {
      "version": "0.8.1",
      "resolved": "https://registry.npmjs.org/after/-/after-0.8.1.tgz",
      "integrity": "sha1-q11PuIP1loFtNRX495HAr0ht1ic="
    },
    "arraybuffer.slice": {
      "version": "0.0.6",
      "resolved": "https://registry.npmjs.org/arraybuffer.slice/-/arraybuffer.slice-0.0.6.tgz",
      "integrity": "sha1-8zshWfBTKj8xB6JywMz70a0peco="
    },
    "async": {
      "version": "2.6.0",
      "resolved": "https://registry.npmjs.org/async/-/async-2.6.0.tgz",
      "integrity": "sha512-xAfGg1/NTLBBKlHFmnd7PlmUW9KhVQIUuSrYem9xzFUZy13ScvtyGGejaae9iAVRiRq9+Cx7DPFaAAhCpyxyPw==",
      "requires": {
        "lodash": "4.17.10"
      }
    },
    "backo2": {
      "version": "1.0.2",
      "resolved": "https://registry.npmjs.org/backo2/-/backo2-1.0.2.tgz",
      "integrity": "sha1-MasayLEpNjRj41s+u2n038+6eUc="
    },
    "base64-arraybuffer": {
      "version": "0.1.2",
      "resolved": "https://registry.npmjs.org/base64-arraybuffer/-/base64-arraybuffer-0.1.2.tgz",
      "integrity": "sha1-R030qfLaJOBd8xWMOx2zw81GoVQ="
    },
    "base64-url": {
      "version": "1.2.1",
      "resolved": "https://registry.npmjs.org/base64-url/-/base64-url-1.2.1.tgz",
      "integrity": "sha1-GZ/WYXAqDnt9yubgaYuwicUvbXg="
    },
    "base64id": {
      "version": "0.1.0",
      "resolved": "https://registry.npmjs.org/base64id/-/base64id-0.1.0.tgz",
      "integrity": "sha1-As4P3u4M709ACA4ec+g08LG/zj8="
    },
    "basic-auth": {
      "version": "1.0.4",
      "resolved": "https://registry.npmjs.org/basic-auth/-/basic-auth-1.0.4.tgz",
      "integrity": "sha1-Awk1sB3nyblKgksp8/zLdQ06UpA="
    },
    "benchmark": {
      "version": "1.0.0",
      "resolved": "https://registry.npmjs.org/benchmark/-/benchmark-1.0.0.tgz",
      "integrity": "sha1-Lx4vpMNZ8REiqhgwgiGOlX45DHM="
    },
    "better-assert": {
      "version": "1.0.2",
      "resolved": "https://registry.npmjs.org/better-assert/-/better-assert-1.0.2.tgz",
      "integrity": "sha1-QIZrnhueC1W0gYlDEeaPr/rrxSI=",
      "requires": {
        "callsite": "1.0.0"
      }
    },
    "bindings": {
      "version": "1.3.0",
      "resolved": "https://registry.npmjs.org/bindings/-/bindings-1.3.0.tgz",
      "integrity": "sha512-DpLh5EzMR2kzvX1KIlVC0VkC3iZtHKTgdtZ0a3pglBZdaQFjt5S9g9xd1lE+YvXyfd6mtCeRnrUfOLYiTMlNSw=="
    },
    "blob": {
      "version": "0.0.4",
      "resolved": "https://registry.npmjs.org/blob/-/blob-0.0.4.tgz",
      "integrity": "sha1-vPEwUspURj8w+fx+lbmkdjCpSSE="
    },
    "bluebird": {
      "version": "3.5.0",
      "resolved": "https://registry.npmjs.org/bluebird/-/bluebird-3.5.0.tgz",
      "integrity": "sha1-eRQg1/VR7qKJdFOop3ZT+WYG1nw="
    },
    "body-parser": {
      "version": "1.12.4",
      "resolved": "https://registry.npmjs.org/body-parser/-/body-parser-1.12.4.tgz",
      "integrity": "sha1-CQcAxLoohiqFIO83g5X97l9hwik=",
      "requires": {
        "bytes": "1.0.0",
        "content-type": "1.0.4",
        "debug": "2.2.0",
        "depd": "1.0.1",
        "iconv-lite": "0.4.8",
        "on-finished": "2.2.1",
        "qs": "2.4.2",
        "raw-body": "2.0.2",
        "type-is": "1.6.16"
      }
    },
    "bson": {
      "version": "1.0.6",
      "resolved": "https://registry.npmjs.org/bson/-/bson-1.0.6.tgz",
      "integrity": "sha512-D8zmlb46xfuK2gGvKmUjIklQEouN2nQ0LEHHeZ/NoHM2LDiMk2EYzZ5Ntw/Urk+bgMDosOZxaRzXxvhI5TcAVQ=="
    },
    "bytes": {
      "version": "1.0.0",
      "resolved": "https://registry.npmjs.org/bytes/-/bytes-1.0.0.tgz",
      "integrity": "sha1-NWnt6Lo0MV+rmcPpLLBMciDeH6g="
    },
    "callsite": {
      "version": "1.0.0",
      "resolved": "https://registry.npmjs.org/callsite/-/callsite-1.0.0.tgz",
      "integrity": "sha1-KAOY5dZkvXQDi28JBRU+borxvCA="
    },
    "colors": {
      "version": "1.0.3",
      "resolved": "https://registry.npmjs.org/colors/-/colors-1.0.3.tgz",
      "integrity": "sha1-BDP0TYCWgP3rYO0mDxsMJi6CpAs="
    },
    "component-bind": {
      "version": "1.0.0",
      "resolved": "https://registry.npmjs.org/component-bind/-/component-bind-1.0.0.tgz",
      "integrity": "sha1-AMYIq33Nk4l8AAllGx06jh5zu9E="
    },
    "component-emitter": {
      "version": "1.1.2",
      "resolved": "https://registry.npmjs.org/component-emitter/-/component-emitter-1.1.2.tgz",
      "integrity": "sha1-KWWU8nU9qmOZbSrwjRWpURbJrsM="
    },
    "component-inherit": {
      "version": "0.0.3",
      "resolved": "https://registry.npmjs.org/component-inherit/-/component-inherit-0.0.3.tgz",
      "integrity": "sha1-ZF/ErfWLcrZJ1crmUTVhnbJv8UM="
    },
    "compressible": {
      "version": "2.0.13",
      "resolved": "https://registry.npmjs.org/compressible/-/compressible-2.0.13.tgz",
      "integrity": "sha1-DRAgq5JLL9tNYnmHXH1tq6a6p6k=",
      "requires": {
        "mime-db": "1.33.0"
      }
    },
    "compression": {
      "version": "1.7.2",
      "resolved": "http://registry.npmjs.org/compression/-/compression-1.7.2.tgz",
      "integrity": "sha1-qv+81qr4VLROuygDU9WtFlH1mmk=",
      "requires": {
        "accepts": "1.3.5",
        "bytes": "3.0.0",
        "compressible": "2.0.13",
        "debug": "2.6.9",
        "on-headers": "1.0.1",
        "safe-buffer": "5.1.1",
        "vary": "1.1.2"
      },
      "dependencies": {
        "bytes": {
          "version": "3.0.0",
          "resolved": "https://registry.npmjs.org/bytes/-/bytes-3.0.0.tgz",
          "integrity": "sha1-0ygVQE1olpn4Wk6k+odV3ROpYEg="
        },
        "debug": {
          "version": "2.6.9",
          "resolved": "https://registry.npmjs.org/debug/-/debug-2.6.9.tgz",
          "integrity": "sha512-bC7ElrdJaJnPbAP+1EotYvqZsb3ecl5wi6Bfi6BJTUcNowp6cvspg0jXznRTKDjm/E7AdgFBVeAPVMNcKGsHMA==",
          "requires": {
            "ms": "2.0.0"
          }
        },
        "ms": {
          "version": "2.0.0",
          "resolved": "https://registry.npmjs.org/ms/-/ms-2.0.0.tgz",
          "integrity": "sha1-VgiurfwAvmwpAd9fmGF4jeDVl8g="
        }
      }
    },
    "content-disposition": {
      "version": "0.5.0",
      "resolved": "https://registry.npmjs.org/content-disposition/-/content-disposition-0.5.0.tgz",
      "integrity": "sha1-QoT+auBjCHRjnkToCkGMKTQTXp4="
    },
    "content-type": {
      "version": "1.0.4",
      "resolved": "https://registry.npmjs.org/content-type/-/content-type-1.0.4.tgz",
      "integrity": "sha512-hIP3EEPs8tB9AT1L+NUqtwOAps4mk2Zob89MWXMHjHWg9milF/j4osnnQLXBCBFBk/tvIG/tUc9mOUJiPBhPXA=="
    },
    "cookie": {
      "version": "0.1.3",
      "resolved": "https://registry.npmjs.org/cookie/-/cookie-0.1.3.tgz",
      "integrity": "sha1-5zSlwUF/zkctWu+Cw4HKu2TRpDU="
    },
    "cookie-parser": {
      "version": "1.3.5",
      "resolved": "https://registry.npmjs.org/cookie-parser/-/cookie-parser-1.3.5.tgz",
      "integrity": "sha1-nXVVcPtdF4kHcSJ6AjFNm+fPg1Y=",
      "requires": {
        "cookie": "0.1.3",
        "cookie-signature": "1.0.6"
      }
    },
    "cookie-signature": {
      "version": "1.0.6",
      "resolved": "https://registry.npmjs.org/cookie-signature/-/cookie-signature-1.0.6.tgz",
      "integrity": "sha1-4wOogrNCzD7oylE6eZmXNNqzriw="
    },
    "crc": {
      "version": "3.2.1",
      "resolved": "https://registry.npmjs.org/crc/-/crc-3.2.1.tgz",
      "integrity": "sha1-XZyPt3okXNXsopHl0tAFM0urAII="
    },
    "cron": {
      "version": "1.3.0",
      "resolved": "https://registry.npmjs.org/cron/-/cron-1.3.0.tgz",
      "integrity": "sha512-K/SF7JlgMmNjcThWxkKvsHhey2EDB4CeOEWJ9aXWj3fbQJppsvTPIeyLdHfNq5IbbsMUUjRW1nr5dSO95f2E4w==",
      "requires": {
        "moment-timezone": "0.5.17"
      }
    },
    "cron-parser": {
      "version": "0.6.2",
      "resolved": "https://registry.npmjs.org/cron-parser/-/cron-parser-0.6.2.tgz",
      "integrity": "sha1-7m41sYl62DHAZcYCa1fI2L+JEx8="
    },
    "cycle": {
      "version": "1.0.3",
      "resolved": "https://registry.npmjs.org/cycle/-/cycle-1.0.3.tgz",
      "integrity": "sha1-IegLK+hYD5i0aPN5QwZisEbDStI="
    },
    "debug": {
      "version": "2.2.0",
      "resolved": "https://registry.npmjs.org/debug/-/debug-2.2.0.tgz",
      "integrity": "sha1-+HBX6ZWxofauaklgZkE3vFbwOdo=",
      "requires": {
        "ms": "0.7.1"
      }
    },
    "depd": {
      "version": "1.0.1",
      "resolved": "https://registry.npmjs.org/depd/-/depd-1.0.1.tgz",
      "integrity": "sha1-gK7GTJ1tl+ZcwqnKqTwKpqv3Oqo="
    },
    "destroy": {
      "version": "1.0.3",
      "resolved": "https://registry.npmjs.org/destroy/-/destroy-1.0.3.tgz",
      "integrity": "sha1-tDO0ck5x/YVR2YhRdIUcX8N34sk="
    },
    "ee-first": {
      "version": "1.1.0",
      "resolved": "https://registry.npmjs.org/ee-first/-/ee-first-1.1.0.tgz",
      "integrity": "sha1-ag18YiHkkP7v2S7D9EHJzozQl/Q="
    },
    "ejs": {
      "version": "2.3.4",
      "resolved": "https://registry.npmjs.org/ejs/-/ejs-2.3.4.tgz",
      "integrity": "sha1-PHbKoJZks1g7ADevncE2557Gi5g="
    },
    "engine.io": {
      "version": "1.6.11",
      "resolved": "https://registry.npmjs.org/engine.io/-/engine.io-1.6.11.tgz",
      "integrity": "sha1-JTOpemWHbED/z5U5e375tJXEI/4=",
      "requires": {
        "accepts": "1.1.4",
        "base64id": "0.1.0",
        "debug": "2.2.0",
        "engine.io-parser": "1.2.4",
        "ws": "1.1.0"
      },
      "dependencies": {
        "accepts": {
          "version": "1.1.4",
          "resolved": "https://registry.npmjs.org/accepts/-/accepts-1.1.4.tgz",
          "integrity": "sha1-1xyW99QdD+2iw4zRToonwEFY30o=",
          "requires": {
            "mime-types": "2.0.14",
            "negotiator": "0.4.9"
          }
        },
        "mime-db": {
          "version": "1.12.0",
          "resolved": "https://registry.npmjs.org/mime-db/-/mime-db-1.12.0.tgz",
          "integrity": "sha1-PQxjGA9FjrENMlqqN9fFiuMS6dc="
        },
        "mime-types": {
          "version": "2.0.14",
          "resolved": "https://registry.npmjs.org/mime-types/-/mime-types-2.0.14.tgz",
          "integrity": "sha1-MQ4VnbI+B3+Lsit0jav6SVcUCqY=",
          "requires": {
            "mime-db": "1.12.0"
          }
        },
        "negotiator": {
          "version": "0.4.9",
          "resolved": "https://registry.npmjs.org/negotiator/-/negotiator-0.4.9.tgz",
          "integrity": "sha1-kuRrbbU8fkIe1koryU8IvnYw3z8="
        }
      }
    },
    "engine.io-client": {
      "version": "1.6.11",
      "resolved": "https://registry.npmjs.org/engine.io-client/-/engine.io-client-1.6.11.tgz",
      "integrity": "sha1-fSUNj6HCGBGezeUTkEWKV9UXE3Y=",
      "requires": {
        "component-emitter": "1.1.2",
        "component-inherit": "0.0.3",
        "debug": "2.2.0",
        "engine.io-parser": "1.2.4",
        "has-cors": "1.1.0",
        "indexof": "0.0.1",
        "parsejson": "0.0.1",
        "parseqs": "0.0.2",
        "parseuri": "0.0.4",
        "ws": "1.0.1",
        "xmlhttprequest-ssl": "1.5.1",
        "yeast": "0.1.2"
      },
      "dependencies": {
        "ws": {
          "version": "1.0.1",
          "resolved": "https://registry.npmjs.org/ws/-/ws-1.0.1.tgz",
          "integrity": "sha1-fQsqLljN3YGQOcKcneZQReGzEOk=",
          "requires": {
            "options": "0.0.6",
            "ultron": "1.0.2"
          }
        }
      }
    },
    "engine.io-parser": {
      "version": "1.2.4",
      "resolved": "https://registry.npmjs.org/engine.io-parser/-/engine.io-parser-1.2.4.tgz",
      "integrity": "sha1-4Il7C/FOeS1M0qWVBVORnFaUjEI=",
      "requires": {
        "after": "0.8.1",
        "arraybuffer.slice": "0.0.6",
        "base64-arraybuffer": "0.1.2",
        "blob": "0.0.4",
        "has-binary": "0.1.6",
        "utf8": "2.1.0"
      },
      "dependencies": {
        "has-binary": {
          "version": "0.1.6",
          "resolved": "https://registry.npmjs.org/has-binary/-/has-binary-0.1.6.tgz",
          "integrity": "sha1-JTJvOc+k9hath4eJTjryz7x7bhA=",
          "requires": {
            "isarray": "0.0.1"
          }
        }
      }
    },
    "epoll": {
      "version": "2.0.1",
      "resolved": "https://registry.npmjs.org/epoll/-/epoll-2.0.1.tgz",
      "integrity": "sha512-BkaCu6dpfGZqiGockN6bf0pQYUdHNjKOWflOMuYNB+JnHq+SgpBQyWE7jWOWExsGVGp99A12R16WpoBZV/0UwQ==",
      "requires": {
        "bindings": "1.3.0",
        "nan": "2.10.0"
      }
    },
    "escape-html": {
      "version": "1.0.1",
      "resolved": "https://registry.npmjs.org/escape-html/-/escape-html-1.0.1.tgz",
      "integrity": "sha1-GBoobq05ejmpKFfPsdQwUuNWv/A="
    },
    "etag": {
      "version": "1.6.0",
      "resolved": "https://registry.npmjs.org/etag/-/etag-1.6.0.tgz",
      "integrity": "sha1-i8ssavElTEgd/IuZfJBu9ORCwgc=",
      "requires": {
        "crc": "3.2.1"
      }
    },
    "express": {
      "version": "4.12.4",
      "resolved": "https://registry.npmjs.org/express/-/express-4.12.4.tgz",
      "integrity": "sha1-j+wlECVbxrLlgQfEgjnA+jB8GqI=",
      "requires": {
        "accepts": "1.2.13",
        "content-disposition": "0.5.0",
        "content-type": "1.0.4",
        "cookie": "0.1.2",
        "cookie-signature": "1.0.6",
        "debug": "2.2.0",
        "depd": "1.0.1",
        "escape-html": "1.0.1",
        "etag": "1.6.0",
        "finalhandler": "0.3.6",
        "fresh": "0.2.4",
        "merge-descriptors": "1.0.0",
        "methods": "1.1.2",
        "on-finished": "2.2.1",
        "parseurl": "1.3.2",
        "path-to-regexp": "0.1.3",
        "proxy-addr": "1.0.10",
        "qs": "2.4.2",
        "range-parser": "1.0.3",
        "send": "0.12.3",
        "serve-static": "1.9.3",
        "type-is": "1.6.16",
        "utils-merge": "1.0.0",
        "vary": "1.0.1"
      },
      "dependencies": {
        "accepts": {
          "version": "1.2.13",
          "resolved": "https://registry.npmjs.org/accepts/-/accepts-1.2.13.tgz",
          "integrity": "sha1-5fHzkoxtlf2WVYw27D2dDeSm7Oo=",
          "requires": {
            "mime-types": "2.1.18",
            "negotiator": "0.5.3"
          }
        },
        "cookie": {
          "version": "0.1.2",
          "resolved": "https://registry.npmjs.org/cookie/-/cookie-0.1.2.tgz",
          "integrity": "sha1-cv7D0k5Io0Mgc9kMEmQgBQYQBLE="
        },
        "negotiator": {
          "version": "0.5.3",
          "resolved": "https://registry.npmjs.org/negotiator/-/negotiator-0.5.3.tgz",
          "integrity": "sha1-Jp1cR2gQ7JLtvntsLygxY4T5p+g="
        },
        "vary": {
          "version": "1.0.1",
          "resolved": "https://registry.npmjs.org/vary/-/vary-1.0.1.tgz",
          "integrity": "sha1-meSYFWaihhGN+yuBc1ffeZM3bRA="
        }
      }
    },
    "express-ejs-layouts": {
      "version": "1.1.0",
      "resolved": "https://registry.npmjs.org/express-ejs-layouts/-/express-ejs-layouts-1.1.0.tgz",
      "integrity": "sha1-nqoSJHpSpamnQfOM6HC5vEdxm/E="
    },
    "express-passport-logout": {
      "version": "0.1.0",
      "resolved": "https://registry.npmjs.org/express-passport-logout/-/express-passport-logout-0.1.0.tgz",
      "integrity": "sha1-riC2NTEvQ7EKJMNeHrHom9o+zSc="
    },
    "express-session": {
      "version": "1.11.3",
      "resolved": "https://registry.npmjs.org/express-session/-/express-session-1.11.3.tgz",
      "integrity": "sha1-XMmPP1/4Ttg1+Ry/CqvQxxB0AK8=",
      "requires": {
        "cookie": "0.1.3",
        "cookie-signature": "1.0.6",
        "crc": "3.3.0",
        "debug": "2.2.0",
        "depd": "1.0.1",
        "on-headers": "1.0.1",
        "parseurl": "1.3.2",
        "uid-safe": "2.0.0",
        "utils-merge": "1.0.0"
      },
      "dependencies": {
        "crc": {
          "version": "3.3.0",
          "resolved": "https://registry.npmjs.org/crc/-/crc-3.3.0.tgz",
          "integrity": "sha1-+mIuG8OIvyVzCQgta2UgDOZwkLo="
        }
      }
    },
    "eyes": {
      "version": "0.1.8",
      "resolved": "https://registry.npmjs.org/eyes/-/eyes-0.1.8.tgz",
      "integrity": "sha1-Ys8SAjTGg3hdkCNIqADvPgzCC8A="
    },
    "finalhandler": {
      "version": "0.3.6",
      "resolved": "https://registry.npmjs.org/finalhandler/-/finalhandler-0.3.6.tgz",
      "integrity": "sha1-2vnEFhsbBuABRmsUEd/baXO+E4s=",
      "requires": {
        "debug": "2.2.0",
        "escape-html": "1.0.1",
        "on-finished": "2.2.1"
      }
    },
    "forwarded": {
      "version": "0.1.2",
      "resolved": "https://registry.npmjs.org/forwarded/-/forwarded-0.1.2.tgz",
      "integrity": "sha1-mMI9qxF1ZXuMBXPozszZGw/xjIQ="
    },
    "fresh": {
      "version": "0.2.4",
      "resolved": "https://registry.npmjs.org/fresh/-/fresh-0.2.4.tgz",
      "integrity": "sha1-NYJJkgbJcjcUGQ7ddLRgT+tKYUw="
    },
    "has-binary": {
      "version": "0.1.7",
      "resolved": "https://registry.npmjs.org/has-binary/-/has-binary-0.1.7.tgz",
      "integrity": "sha1-aOYesWIQyVRaClzOBqhzkS/h5ow=",
      "requires": {
        "isarray": "0.0.1"
      }
    },
    "has-cors": {
      "version": "1.1.0",
      "resolved": "https://registry.npmjs.org/has-cors/-/has-cors-1.1.0.tgz",
      "integrity": "sha1-XkdHk/fqmEPRu5nCPu9J/xJv/zk="
    },
    "iconv-lite": {
      "version": "0.4.8",
      "resolved": "https://registry.npmjs.org/iconv-lite/-/iconv-lite-0.4.8.tgz",
      "integrity": "sha1-xgGadZXyzvynAuq2lKAQvNkpjSA="
    },
    "indexof": {
      "version": "0.0.1",
      "resolved": "https://registry.npmjs.org/indexof/-/indexof-0.0.1.tgz",
      "integrity": "sha1-gtwzbSMrkGIXnQWrMpOmYFn9Q10="
    },
    "ipaddr.js": {
      "version": "1.0.5",
      "resolved": "https://registry.npmjs.org/ipaddr.js/-/ipaddr.js-1.0.5.tgz",
      "integrity": "sha1-X6eM8wG4JceKvDBC2BJyMEnqI8c="
    },
    "isarray": {
      "version": "0.0.1",
      "resolved": "https://registry.npmjs.org/isarray/-/isarray-0.0.1.tgz",
      "integrity": "sha1-ihis/Kmo9Bd+Cav8YDiTmwXR7t8="
    },
    "isstream": {
      "version": "0.1.2",
      "resolved": "https://registry.npmjs.org/isstream/-/isstream-0.1.2.tgz",
      "integrity": "sha1-R+Y/evVa+m+S4VAOaQ64uFKcCZo="
    },
    "json3": {
      "version": "3.2.6",
      "resolved": "https://registry.npmjs.org/json3/-/json3-3.2.6.tgz",
      "integrity": "sha1-9u/JPAagTemuxTBT3yVZuxniA4s="
    },
    "kareem": {
      "version": "2.0.7",
      "resolved": "https://registry.npmjs.org/kareem/-/kareem-2.0.7.tgz",
      "integrity": "sha512-p8+lEpsNs4N0fvNOC1/zzDO0wDrD3Pb1G+OwfIG+gKVK3MyY5jeaGYh+9Qx6jb4fEG2b3E6U98vaE9MH7Gilsw=="
    },
    "lodash": {
      "version": "4.17.10",
      "resolved": "https://registry.npmjs.org/lodash/-/lodash-4.17.10.tgz",
      "integrity": "sha512-UejweD1pDoXu+AD825lWwp4ZGtSwgnpZxb3JDViD7StjQz+Nb/6l093lx4OQ0foGWNRoc19mWy7BzL+UAK2iVg=="
    },
    "lodash.debounce": {
      "version": "4.0.8",
      "resolved": "https://registry.npmjs.org/lodash.debounce/-/lodash.debounce-4.0.8.tgz",
      "integrity": "sha1-gteb/zCmfEAF/9XiUVMArZyk168="
    },
    "lodash.get": {
      "version": "4.4.2",
      "resolved": "https://registry.npmjs.org/lodash.get/-/lodash.get-4.4.2.tgz",
      "integrity": "sha1-LRd/ZS+jHpObRDjVNBSZ36OCXpk="
    },
    "long-timeout": {
      "version": "0.0.2",
      "resolved": "https://registry.npmjs.org/long-timeout/-/long-timeout-0.0.2.tgz",
      "integrity": "sha1-82RJuolinROnorJSOk253Wbj/2g="
    },
    "media-typer": {
      "version": "0.3.0",
      "resolved": "https://registry.npmjs.org/media-typer/-/media-typer-0.3.0.tgz",
      "integrity": "sha1-hxDXrwqmJvj/+hzgAWhUUmMlV0g="
    },
    "merge-descriptors": {
      "version": "1.0.0",
      "resolved": "https://registry.npmjs.org/merge-descriptors/-/merge-descriptors-1.0.0.tgz",
      "integrity": "sha1-IWnPdTjhsMyH+4jhUC2EdLv3mGQ="
    },
    "methods": {
      "version": "1.1.2",
      "resolved": "https://registry.npmjs.org/methods/-/methods-1.1.2.tgz",
      "integrity": "sha1-VSmk1nZUE07cxSZmVoNbD4Ua/O4="
    },
    "mime": {
      "version": "1.3.4",
      "resolved": "https://registry.npmjs.org/mime/-/mime-1.3.4.tgz",
      "integrity": "sha1-EV+eO2s9rylZmDyzjxSaLUDrXVM="
    },
    "mime-db": {
      "version": "1.33.0",
      "resolved": "https://registry.npmjs.org/mime-db/-/mime-db-1.33.0.tgz",
      "integrity": "sha512-BHJ/EKruNIqJf/QahvxwQZXKygOQ256myeN/Ew+THcAa5q+PjyTTMMeNQC4DZw5AwfvelsUrA6B67NKMqXDbzQ=="
    },
    "mime-types": {
      "version": "2.1.18",
      "resolved": "https://registry.npmjs.org/mime-types/-/mime-types-2.1.18.tgz",
      "integrity": "sha512-lc/aahn+t4/SWV/qcmumYjymLsWfN3ELhpmVuUFjgsORruuZPVSwAQryq+HHGvO/SI2KVX26bx+En+zhM8g8hQ==",
      "requires": {
        "mime-db": "1.33.0"
      }
    },
    "moment": {
      "version": "2.22.1",
      "resolved": "https://registry.npmjs.org/moment/-/moment-2.22.1.tgz",
      "integrity": "sha512-shJkRTSebXvsVqk56I+lkb2latjBs8I+pc2TzWc545y2iFnSjm7Wg0QMh+ZWcdSLQyGEau5jI8ocnmkyTgr9YQ=="
    },
    "moment-timezone": {
      "version": "0.5.17",
      "resolved": "https://registry.npmjs.org/moment-timezone/-/moment-timezone-0.5.17.tgz",
      "integrity": "sha512-Y/JpVEWIOA9Gho4vO15MTnW1FCmHi3ypprrkUaxsZ1TKg3uqC8q/qMBjTddkHoiwwZN3qvZSr4zJP7x9V3LpXA==",
      "requires": {
        "moment": "2.22.1"
      }
    },
    "mongodb": {
      "version": "3.0.8",
      "resolved": "https://registry.npmjs.org/mongodb/-/mongodb-3.0.8.tgz",
      "integrity": "sha512-mj7yIUyAr9xnO2ev8pcVJ9uX7gSum5LLs1qIFoWLxA5Il50+jcojKtaO1/TbexsScZ9Poz00Pc3b86GiSqJ7WA==",
      "requires": {
        "mongodb-core": "3.0.8"
      }
    },
    "mongodb-core": {
      "version": "3.0.8",
      "resolved": "https://registry.npmjs.org/mongodb-core/-/mongodb-core-3.0.8.tgz",
      "integrity": "sha512-dFxfhH9N7ohuQnINyIl6dqEF8sYOE0WKuymrFf3L3cipJNrx+S8rAbNOTwa00/fuJCjBMJNFsaA+R2N16//UIw==",
      "requires": {
        "bson": "1.0.6",
        "require_optional": "1.0.1"
      }
    },
    "mongoose": {
      "version": "5.1.1",
      "resolved": "https://registry.npmjs.org/mongoose/-/mongoose-5.1.1.tgz",
      "integrity": "sha512-pmVX//61yX8hV/Db790Cym8CGYd29OYQROYx6ve6ab4LbUW0+GehiBVDlnE9Tvogaz8nndHlVUb+iXwOBw/MNw==",
      "requires": {
        "async": "2.1.4",
        "bson": "1.0.6",
        "kareem": "2.0.7",
        "lodash.get": "4.4.2",
        "mongodb": "3.0.8",
        "mongoose-legacy-pluralize": "1.0.2",
        "mpath": "0.4.1",
        "mquery": "3.0.0",
        "ms": "2.0.0",
        "regexp-clone": "0.0.1",
        "sliced": "1.0.1"
      },
      "dependencies": {
        "async": {
          "version": "2.1.4",
          "resolved": "https://registry.npmjs.org/async/-/async-2.1.4.tgz",
          "integrity": "sha1-LSFgx3iAMuTdbL4lAvH5osj2zeQ=",
          "requires": {
            "lodash": "4.17.10"
          }
        },
        "ms": {
          "version": "2.0.0",
          "resolved": "https://registry.npmjs.org/ms/-/ms-2.0.0.tgz",
          "integrity": "sha1-VgiurfwAvmwpAd9fmGF4jeDVl8g="
        }
      }
    },
    "mongoose-legacy-pluralize": {
      "version": "1.0.2",
      "resolved": "https://registry.npmjs.org/mongoose-legacy-pluralize/-/mongoose-legacy-pluralize-1.0.2.tgz",
      "integrity": "sha512-Yo/7qQU4/EyIS8YDFSeenIvXxZN+ld7YdV9LqFVQJzTLye8unujAWPZ4NWKfFA+RNjh+wvTWKY9Z3E5XM6ZZiQ=="
    },
    "morgan": {
      "version": "1.5.3",
      "resolved": "https://registry.npmjs.org/morgan/-/morgan-1.5.3.tgz",
      "integrity": "sha1-ittOcvnlxUNuXZP0KRCDX3nan98=",
      "requires": {
        "basic-auth": "1.0.4",
        "debug": "2.2.0",
        "depd": "1.0.1",
        "on-finished": "2.2.1"
      }
    },
    "mpath": {
      "version": "0.4.1",
      "resolved": "https://registry.npmjs.org/mpath/-/mpath-0.4.1.tgz",
      "integrity": "sha512-NNY/MpBkALb9jJmjpBlIi6GRoLveLUM0pJzgbp9vY9F7IQEb/HREC/nxrixechcQwd1NevOhJnWWV8QQQRE+OA=="
    },
    "mquery": {
      "version": "3.0.0",
      "resolved": "https://registry.npmjs.org/mquery/-/mquery-3.0.0.tgz",
      "integrity": "sha512-WL1Lk8v4l8VFSSwN3yCzY9TXw+fKVYKn6f+w86TRzOLSE8k1yTgGaLBPUByJQi8VcLbOdnUneFV/y3Kv874pnQ==",
      "requires": {
        "bluebird": "3.5.0",
        "debug": "2.6.9",
        "regexp-clone": "0.0.1",
        "sliced": "0.0.5"
      },
      "dependencies": {
        "debug": {
          "version": "2.6.9",
          "resolved": "https://registry.npmjs.org/debug/-/debug-2.6.9.tgz",
          "integrity": "sha512-bC7ElrdJaJnPbAP+1EotYvqZsb3ecl5wi6Bfi6BJTUcNowp6cvspg0jXznRTKDjm/E7AdgFBVeAPVMNcKGsHMA==",
          "requires": {
            "ms": "2.0.0"
          }
        },
        "ms": {
          "version": "2.0.0",
          "resolved": "https://registry.npmjs.org/ms/-/ms-2.0.0.tgz",
          "integrity": "sha1-VgiurfwAvmwpAd9fmGF4jeDVl8g="
        },
        "sliced": {
          "version": "0.0.5",
          "resolved": "https://registry.npmjs.org/sliced/-/sliced-0.0.5.tgz",
          "integrity": "sha1-XtwETKTrb3gW1Qui/GPiXY/kcH8="
        }
      }
    },
    "ms": {
      "version": "0.7.1",
      "resolved": "https://registry.npmjs.org/ms/-/ms-0.7.1.tgz",
      "integrity": "sha1-nNE8A62/8ltl7/3nzoZO6VIBcJg="
    },
    "nan": {
      "version": "2.10.0",
      "resolved": "https://registry.npmjs.org/nan/-/nan-2.10.0.tgz",
      "integrity": "sha512-bAdJv7fBLhWC+/Bls0Oza+mvTaNQtP+1RyhhhvD95pgUJz6XM5IzgmxOkItJ9tkoCiplvAnXI1tNmmUD/eScyA=="
    },
    "negotiator": {
      "version": "0.6.1",
      "resolved": "https://registry.npmjs.org/negotiator/-/negotiator-0.6.1.tgz",
      "integrity": "sha1-KzJxhOiZIQEXeyhWP7XnECrNDKk="
    },
    "node-schedule": {
      "version": "0.2.9",
      "resolved": "https://registry.npmjs.org/node-schedule/-/node-schedule-0.2.9.tgz",
      "integrity": "sha1-Ud90Pf6HSF2RFBKH1JyFHtBY+OU=",
      "requires": {
        "cron-parser": "0.6.2",
        "long-timeout": "0.0.2"
      }
    },
    "object-component": {
      "version": "0.0.3",
      "resolved": "https://registry.npmjs.org/object-component/-/object-component-0.0.3.tgz",
      "integrity": "sha1-8MaapQ78lbhmwYb0AKM3acsvEpE="
    },
    "on-finished": {
      "version": "2.2.1",
      "resolved": "https://registry.npmjs.org/on-finished/-/on-finished-2.2.1.tgz",
      "integrity": "sha1-XIXBzDYpn3gCllP2Z/J7a5nrwCk=",
      "requires": {
        "ee-first": "1.1.0"
      }
    },
    "on-headers": {
      "version": "1.0.1",
      "resolved": "https://registry.npmjs.org/on-headers/-/on-headers-1.0.1.tgz",
      "integrity": "sha1-ko9dD0cNSTQmUepnlLCFfBAGk/c="
    },
    "onoff": {
      "version": "3.1.0",
      "resolved": "https://registry.npmjs.org/onoff/-/onoff-3.1.0.tgz",
      "integrity": "sha512-5hD6y+AB7vW7Pb30Urb9oGVkxhtG1MdoJaEMGsKbCLzpInKdQJEcvbqOjQ8DV6N9r+acPErfz+Veb+v6VidE9A==",
      "requires": {
        "epoll": "2.0.1",
        "lodash.debounce": "4.0.8"
      }
    },
    "options": {
      "version": "0.0.6",
      "resolved": "https://registry.npmjs.org/options/-/options-0.0.6.tgz",
      "integrity": "sha1-7CLTEoBrtT5zF3Pnza788cZDEo8="
    },
    "parsejson": {
      "version": "0.0.1",
      "resolved": "https://registry.npmjs.org/parsejson/-/parsejson-0.0.1.tgz",
      "integrity": "sha1-mxDGwNglq1ieaFFTgm3go7oni8w=",
      "requires": {
        "better-assert": "1.0.2"
      }
    },
    "parseqs": {
      "version": "0.0.2",
      "resolved": "https://registry.npmjs.org/parseqs/-/parseqs-0.0.2.tgz",
      "integrity": "sha1-nf5wss3aw4i95PNbHyQPpYrb5sc=",
      "requires": {
        "better-assert": "1.0.2"
      }
    },
    "parseuri": {
      "version": "0.0.4",
      "resolved": "https://registry.npmjs.org/parseuri/-/parseuri-0.0.4.tgz",
      "integrity": "sha1-gGWCo5iH4eoY3V4v4OAZAiaOk1A=",
      "requires": {
        "better-assert": "1.0.2"
      }
    },
    "parseurl": {
      "version": "1.3.2",
      "resolved": "https://registry.npmjs.org/parseurl/-/parseurl-1.3.2.tgz",
      "integrity": "sha1-/CidTtiZMRlGDBViUyYs3I3mW/M="
    },
    "passport": {
      "version": "0.2.2",
      "resolved": "https://registry.npmjs.org/passport/-/passport-0.2.2.tgz",
      "integrity": "sha1-nDjxe+uSnz2Br3uIOOhDDbhwPys=",
      "requires": {
        "passport-strategy": "1.0.0",
        "pause": "0.0.1"
      }
    },
    "passport-local": {
      "version": "1.0.0",
      "resolved": "https://registry.npmjs.org/passport-local/-/passport-local-1.0.0.tgz",
      "integrity": "sha1-H+YyaMkudWBmJkN+O5BmYsFbpu4=",
      "requires": {
        "passport-strategy": "1.0.0"
      }
    },
    "passport-strategy": {
      "version": "1.0.0",
      "resolved": "https://registry.npmjs.org/passport-strategy/-/passport-strategy-1.0.0.tgz",
      "integrity": "sha1-tVOaqPwiWj0a0XlHbd8ja0QPUuQ="
    },
    "path-to-regexp": {
      "version": "0.1.3",
      "resolved": "https://registry.npmjs.org/path-to-regexp/-/path-to-regexp-0.1.3.tgz",
      "integrity": "sha1-IbmrgidCed4lsVbqCP0SylG4rss="
    },
    "pause": {
      "version": "0.0.1",
      "resolved": "https://registry.npmjs.org/pause/-/pause-0.0.1.tgz",
      "integrity": "sha1-HUCLP9t2kjuVQ9lvtMnf1TXZy10="
    },
    "process": {
      "version": "0.11.10",
      "resolved": "https://registry.npmjs.org/process/-/process-0.11.10.tgz",
      "integrity": "sha1-czIwDoQBYb2j5podHZGn1LwW8YI="
    },
    "proxy-addr": {
      "version": "1.0.10",
      "resolved": "https://registry.npmjs.org/proxy-addr/-/proxy-addr-1.0.10.tgz",
      "integrity": "sha1-DUCoL4Afw1VWfS7LZe/j8HfxIcU=",
      "requires": {
        "forwarded": "0.1.2",
        "ipaddr.js": "1.0.5"
      }
    },
    "qs": {
      "version": "2.4.2",
      "resolved": "https://registry.npmjs.org/qs/-/qs-2.4.2.tgz",
      "integrity": "sha1-9854jld33wtQENp/fE5zujJHD1o="
    },
    "range-parser": {
      "version": "1.0.3",
      "resolved": "https://registry.npmjs.org/range-parser/-/range-parser-1.0.3.tgz",
      "integrity": "sha1-aHKCNTXGkuLCoBA4Jq/YLC4P8XU="
    },
    "raw-body": {
      "version": "2.0.2",
      "resolved": "https://registry.npmjs.org/raw-body/-/raw-body-2.0.2.tgz",
      "integrity": "sha1-osL5jIUxzumcY9jSOLfel7tln8o=",
      "requires": {
        "bytes": "2.1.0",
        "iconv-lite": "0.4.8"
      },
      "dependencies": {
        "bytes": {
          "version": "2.1.0",
          "resolved": "https://registry.npmjs.org/bytes/-/bytes-2.1.0.tgz",
          "integrity": "sha1-rJPEEOL/ycx89LRks4KJBn9eR7Q="
        }
      }
    },
    "regexp-clone": {
      "version": "0.0.1",
      "resolved": "https://registry.npmjs.org/regexp-clone/-/regexp-clone-0.0.1.tgz",
      "integrity": "sha1-p8LgmJH9vzj7sQ03b7cwA+aKxYk="
    },
    "require_optional": {
      "version": "1.0.1",
      "resolved": "https://registry.npmjs.org/require_optional/-/require_optional-1.0.1.tgz",
      "integrity": "sha512-qhM/y57enGWHAe3v/NcwML6a3/vfESLe/sGM2dII+gEO0BpKRUkWZow/tyloNqJyN6kXSl3RyyM8Ll5D/sJP8g==",
      "requires": {
        "resolve-from": "2.0.0",
        "semver": "5.5.0"
      }
    },
    "resolve-from": {
      "version": "2.0.0",
      "resolved": "https://registry.npmjs.org/resolve-from/-/resolve-from-2.0.0.tgz",
      "integrity": "sha1-lICrIOlP+h2egKgEx+oUdhGWa1c="
    },
    "safe-buffer": {
      "version": "5.1.1",
      "resolved": "https://registry.npmjs.org/safe-buffer/-/safe-buffer-5.1.1.tgz",
      "integrity": "sha512-kKvNJn6Mm93gAczWVJg7wH+wGYWNrDHdWvpUmHyEsgCtIwwo3bqPtV4tR5tuPaUhTOo/kvhVwd8XwwOllGYkbg=="
    },
    "semver": {
      "version": "5.5.0",
      "resolved": "https://registry.npmjs.org/semver/-/semver-5.5.0.tgz",
      "integrity": "sha512-4SJ3dm0WAwWy/NVeioZh5AntkdJoWKxHxcmyP622fOkgHa4z3R0TdBJICINyaSDE6uNwVc8gZr+ZinwZAH4xIA=="
    },
    "send": {
      "version": "0.12.3",
      "resolved": "https://registry.npmjs.org/send/-/send-0.12.3.tgz",
      "integrity": "sha1-zRLcWP3iHk+RkCs5sv2gWnptm9w=",
      "requires": {
        "debug": "2.2.0",
        "depd": "1.0.1",
        "destroy": "1.0.3",
        "escape-html": "1.0.1",
        "etag": "1.6.0",
        "fresh": "0.2.4",
        "mime": "1.3.4",
        "ms": "0.7.1",
        "on-finished": "2.2.1",
        "range-parser": "1.0.3"
      }
    },
    "serve-favicon": {
      "version": "2.2.1",
      "resolved": "https://registry.npmjs.org/serve-favicon/-/serve-favicon-2.2.1.tgz",
      "integrity": "sha1-2XuswVD2b+DlzEx4qEuhW65aWEo=",
      "requires": {
        "etag": "1.6.0",
        "fresh": "0.2.4",
        "ms": "0.7.1",
        "parseurl": "1.3.2"
      }
    },
    "serve-static": {
      "version": "1.9.3",
      "resolved": "https://registry.npmjs.org/serve-static/-/serve-static-1.9.3.tgz",
      "integrity": "sha1-X42gcyOtOF/z3FQfGnkXsuQ261c=",
      "requires": {
        "escape-html": "1.0.1",
        "parseurl": "1.3.2",
        "send": "0.12.3",
        "utils-merge": "1.0.0"
      }
    },
    "sliced": {
      "version": "1.0.1",
      "resolved": "https://registry.npmjs.org/sliced/-/sliced-1.0.1.tgz",
      "integrity": "sha1-CzpmK10Ewxd7GSa+qCsD+Dei70E="
    },
    "socket.io": {
      "version": "1.4.8",
      "resolved": "https://registry.npmjs.org/socket.io/-/socket.io-1.4.8.tgz",
      "integrity": "sha1-5XbzMM0L7WTlWz/SbfmRFBiEhns=",
      "requires": {
        "debug": "2.2.0",
        "engine.io": "1.6.11",
        "has-binary": "0.1.7",
        "socket.io-adapter": "0.4.0",
        "socket.io-client": "1.4.8",
        "socket.io-parser": "2.2.6"
      }
    },
    "socket.io-adapter": {
      "version": "0.4.0",
      "resolved": "https://registry.npmjs.org/socket.io-adapter/-/socket.io-adapter-0.4.0.tgz",
      "integrity": "sha1-+5+CqxqmUpC/csNleVW5MKmRok8=",
      "requires": {
        "debug": "2.2.0",
        "socket.io-parser": "2.2.2"
      },
      "dependencies": {
        "socket.io-parser": {
          "version": "2.2.2",
          "resolved": "https://registry.npmjs.org/socket.io-parser/-/socket.io-parser-2.2.2.tgz",
          "integrity": "sha1-PXr2tkSX6Va32f53X5mXFgJ/lBc=",
          "requires": {
            "benchmark": "1.0.0",
            "component-emitter": "1.1.2",
            "debug": "0.7.4",
            "isarray": "0.0.1",
            "json3": "3.2.6"
          },
          "dependencies": {
            "debug": {
              "version": "0.7.4",
              "resolved": "https://registry.npmjs.org/debug/-/debug-0.7.4.tgz",
              "integrity": "sha1-BuHqgILCyxTjmAbiLi9vdX+Srzk="
            }
          }
        }
      }
    },
    "socket.io-client": {
      "version": "1.4.8",
      "resolved": "https://registry.npmjs.org/socket.io-client/-/socket.io-client-1.4.8.tgz",
      "integrity": "sha1-SBskHnPfFA6hpPsDSGqFrQl/VVg=",
      "requires": {
        "backo2": "1.0.2",
        "component-bind": "1.0.0",
        "component-emitter": "1.2.0",
        "debug": "2.2.0",
        "engine.io-client": "1.6.11",
        "has-binary": "0.1.7",
        "indexof": "0.0.1",
        "object-component": "0.0.3",
        "parseuri": "0.0.4",
        "socket.io-parser": "2.2.6",
        "to-array": "0.1.4"
      },
      "dependencies": {
        "component-emitter": {
          "version": "1.2.0",
          "resolved": "https://registry.npmjs.org/component-emitter/-/component-emitter-1.2.0.tgz",
          "integrity": "sha1-zNETqGOI0GSC0D3j/H35hSa6jv4="
        }
      }
    },
    "socket.io-parser": {
      "version": "2.2.6",
      "resolved": "https://registry.npmjs.org/socket.io-parser/-/socket.io-parser-2.2.6.tgz",
      "integrity": "sha1-ON/WHfUNz4qx2eIJEyK/kCuii5k=",
      "requires": {
        "benchmark": "1.0.0",
        "component-emitter": "1.1.2",
        "debug": "2.2.0",
        "isarray": "0.0.1",
        "json3": "3.3.2"
      },
      "dependencies": {
        "json3": {
          "version": "3.3.2",
          "resolved": "https://registry.npmjs.org/json3/-/json3-3.3.2.tgz",
          "integrity": "sha1-PAQ0dD35Pi9cQq7nsZvLSDV19OE="
        }
      }
    },
    "stack-trace": {
      "version": "0.0.10",
      "resolved": "https://registry.npmjs.org/stack-trace/-/stack-trace-0.0.10.tgz",
      "integrity": "sha1-VHxws0fo0ytOEI6hoqFZ5f3eGcA="
    },
    "to-array": {
      "version": "0.1.4",
      "resolved": "https://registry.npmjs.org/to-array/-/to-array-0.1.4.tgz",
      "integrity": "sha1-F+bBH3PdTz10zaek/zI46a2b+JA="
    },
    "type-is": {
      "version": "1.6.16",
      "resolved": "https://registry.npmjs.org/type-is/-/type-is-1.6.16.tgz",
      "integrity": "sha512-HRkVv/5qY2G6I8iab9cI7v1bOIdhm94dVjQCPFElW9W+3GeDOSHmy2EBYe4VTApuzolPcmgFTN3ftVJRKR2J9Q==",
      "requires": {
        "media-typer": "0.3.0",
        "mime-types": "2.1.18"
      }
    },
    "uid-safe": {
      "version": "2.0.0",
      "resolved": "https://registry.npmjs.org/uid-safe/-/uid-safe-2.0.0.tgz",
      "integrity": "sha1-p/PGymSh9qXQTsDvPkw9U2cxcTc=",
      "requires": {
        "base64-url": "1.2.1"
      }
    },
    "ultron": {
      "version": "1.0.2",
      "resolved": "https://registry.npmjs.org/ultron/-/ultron-1.0.2.tgz",
      "integrity": "sha1-rOEWq1V80Zc4ak6I9GhTeMiy5Po="
    },
    "utf8": {
      "version": "2.1.0",
      "resolved": "https://registry.npmjs.org/utf8/-/utf8-2.1.0.tgz",
      "integrity": "sha1-DP7FyAUtRKI+OqqQgQToB1+V39U="
    },
    "utils-merge": {
      "version": "1.0.0",
      "resolved": "https://registry.npmjs.org/utils-merge/-/utils-merge-1.0.0.tgz",
      "integrity": "sha1-ApT7kiu5N1FTVBxPcJYjHyh8ivg="
    },
    "vary": {
      "version": "1.1.2",
      "resolved": "https://registry.npmjs.org/vary/-/vary-1.1.2.tgz",
      "integrity": "sha1-IpnwLG3tMNSllhsLn3RSShj2NPw="
    },
    "winston": {
      "version": "2.4.2",
      "resolved": "https://registry.npmjs.org/winston/-/winston-2.4.2.tgz",
      "integrity": "sha512-4S/Ad4ZfSNl8OccCLxnJmNISWcm2joa6Q0YGDxlxMzH0fgSwWsjMt+SmlNwCqdpaPg3ev1HKkMBsIiXeSUwpbA==",
      "requires": {
        "async": "1.0.0",
        "colors": "1.0.3",
        "cycle": "1.0.3",
        "eyes": "0.1.8",
        "isstream": "0.1.2",
        "stack-trace": "0.0.10"
      },
      "dependencies": {
        "async": {
          "version": "1.0.0",
          "resolved": "https://registry.npmjs.org/async/-/async-1.0.0.tgz",
          "integrity": "sha1-+PwEyjoTeErenhZBr5hXjPvWR6k="
        }
      }
    },
    "ws": {
      "version": "1.1.0",
      "resolved": "https://registry.npmjs.org/ws/-/ws-1.1.0.tgz",
      "integrity": "sha1-wdb9FRXTzv8fCuJ1m/X9dwMKrR0=",
      "requires": {
        "options": "0.0.6",
        "ultron": "1.0.2"
      }
    },
    "xmlhttprequest-ssl": {
      "version": "1.5.1",
      "resolved": "https://registry.npmjs.org/xmlhttprequest-ssl/-/xmlhttprequest-ssl-1.5.1.tgz",
      "integrity": "sha1-O3dB/qSoZnWXbpCNKW1ERZYfqmc="
    },
    "yeast": {
      "version": "0.1.2",
      "resolved": "https://registry.npmjs.org/yeast/-/yeast-0.1.2.tgz",
      "integrity": "sha1-AI4G2AlDIMNy28L47XagymyKxBk="
    }
  }
}
